---
lockfileVersion: 1
lockfileVendor: redhat
arches:
- arch: aarch64
  packages:
  - url: https://cdn-ubi.redhat.com/content/public/ubi/dist/ubi9/9/aarch64/appstream/os/Packages/s/socat-1.7.4.1-6.el9_6.1.aarch64.rpm
    repoid: ubi-9-for-aarch64-appstream-rpms
    size: 307871
    checksum: sha256:9f0e56543ef34d3e71895daa16b1b46412d98809ea41046d44c9e1be80fe7966
    name: socat
    evr: 1.7.4.1-6.el9_6.1
    sourcerpm: socat-1.7.4.1-6.el9_6.1.src.rpm
  - url: https://cdn-ubi.redhat.com/content/public/ubi/dist/ubi9/9/aarch64/baseos/os/Packages/r/rsync-3.2.5-3.el9.aarch64.rpm
    repoid: ubi-9-for-aarch64-baseos-rpms
    size: 416293
    checksum: sha256:99235a7555f6454898ebbcdcf927ebed68e3a60599c9226b9d1d60578d292878
    name: rsync
    evr: 3.2.5-3.el9
    sourcerpm: rsync-3.2.5-3.el9.src.rpm
  - url: https://cdn-ubi.redhat.com/content/public/ubi/dist/ubi9/9/aarch64/baseos/os/Packages/t/tar-1.34-7.el9.aarch64.rpm
    repoid: ubi-9-for-aarch64-baseos-rpms
    size: 900197
    checksum: sha256:44552dea889d350403c3074a33d7cb274b3f57553e47db998745df13f931b458
    name: tar
    evr: 2:1.34-7.el9
    sourcerpm: tar-1.34-7.el9.src.rpm
  - url: https://cdn-ubi.redhat.com/content/public/ubi/dist/ubi9/9/aarch64/baseos/os/Packages/t/tzdata-2025b-1.el9.noarch.rpm
    repoid: ubi-9-for-aarch64-baseos-rpms
    size: 862160
    checksum: sha256:0687e5a1115ba679137404c8d37a45141a31968ffd01677455530d24c126a0d2
    name: tzdata
    evr: 2025b-1.el9
    sourcerpm: tzdata-2025b-1.el9.src.rpm
  source:
  - url: https://cdn-ubi.redhat.com/content/public/ubi/dist/ubi9/9/aarch64/appstream/source/SRPMS/Packages/s/socat-1.7.4.1-6.el9_6.1.src.rpm
    repoid: ubi-9-for-aarch64-appstream-source-rpms
    size: 664341
    checksum: sha256:cc4dafb6691824cae1db6f8c99baba2e9af74fdab06334f14558272cb3e92832
    name: socat
    evr: 1.7.4.1-6.el9_6.1
  - url: https://cdn-ubi.redhat.com/content/public/ubi/dist/ubi9/9/aarch64/baseos/source/SRPMS/Packages/r/rsync-3.2.5-3.el9.src.rpm
    repoid: ubi-9-for-aarch64-baseos-source-rpms
    size: 1306931
    checksum: sha256:a1fd44e58d1fb5b52b72586c5ef2e12c040428f771cde1d1350b36d3b9155db0
    name: rsync
    evr: 3.2.5-3.el9
  - url: https://cdn-ubi.redhat.com/content/public/ubi/dist/ubi9/9/aarch64/baseos/source/SRPMS/Packages/t/tar-1.34-7.el9.src.rpm
    repoid: ubi-9-for-aarch64-baseos-source-rpms
    size: 2261512
    checksum: sha256:d002c400d29e7305fe8a982ab6b9f49ee7a8780e4574b86fc0c5b3d5510ecb22
    name: tar
    evr: 2:1.34-7.el9
  - url: https://cdn-ubi.redhat.com/content/public/ubi/dist/ubi9/9/aarch64/baseos/source/SRPMS/Packages/t/tzdata-2025b-1.el9.src.rpm
    repoid: ubi-9-for-aarch64-baseos-source-rpms
    size: 904607
    checksum: sha256:a2668d1f6b053545a5824a428755484895d72475a9d3833cbfbec9e08660aba2
    name: tzdata
    evr: 2025b-1.el9
  module_metadata: []
- arch: ppc64le
  packages:
  - url: https://cdn-ubi.redhat.com/content/public/ubi/dist/ubi9/9/ppc64le/appstream/os/Packages/s/socat-1.7.4.1-6.el9_6.1.ppc64le.rpm
    repoid: ubi-9-for-ppc64le-appstream-rpms
    size: 320029
    checksum: sha256:93b2c5e9fb6987a6658763469ecce247fef2bed03a2b973249cf8134dda8a3c0
    name: socat
    evr: 1.7.4.1-6.el9_6.1
    sourcerpm: socat-1.7.4.1-6.el9_6.1.src.rpm
  - url: https://cdn-ubi.redhat.com/content/public/ubi/dist/ubi9/9/ppc64le/baseos/os/Packages/r/rsync-3.2.5-3.el9.ppc64le.rpm
    repoid: ubi-9-for-ppc64le-baseos-rpms
    size: 449938
    checksum: sha256:1fd8762ad73a60556c9808a5bf2a9d964965adec91c026ef27058266dc75e1f0
    name: rsync
    evr: 3.2.5-3.el9
    sourcerpm: rsync-3.2.5-3.el9.src.rpm
  - url: https://cdn-ubi.redhat.com/content/public/ubi/dist/ubi9/9/ppc64le/baseos/os/Packages/t/tar-1.34-7.el9.ppc64le.rpm
    repoid: ubi-9-for-ppc64le-baseos-rpms
    size: 937724
    checksum: sha256:f2cc206dfacc9981fad6cf33600ad28bcd1c573f16d8c18523dc9df52ca90660
    name: tar
    evr: 2:1.34-7.el9
    sourcerpm: tar-1.34-7.el9.src.rpm
  - url: https://cdn-ubi.redhat.com/content/public/ubi/dist/ubi9/9/ppc64le/baseos/os/Packages/t/tzdata-2025b-1.el9.noarch.rpm
    repoid: ubi-9-for-ppc64le-baseos-rpms
    size: 862160
    checksum: sha256:0687e5a1115ba679137404c8d37a45141a31968ffd01677455530d24c126a0d2
    name: tzdata
    evr: 2025b-1.el9
    sourcerpm: tzdata-2025b-1.el9.src.rpm
  source:
  - url: https://cdn-ubi.redhat.com/content/public/ubi/dist/ubi9/9/ppc64le/appstream/source/SRPMS/Packages/s/socat-1.7.4.1-6.el9_6.1.src.rpm
    repoid: ubi-9-for-ppc64le-appstream-source-rpms
    size: 664341
    checksum: sha256:cc4dafb6691824cae1db6f8c99baba2e9af74fdab06334f14558272cb3e92832
    name: socat
    evr: 1.7.4.1-6.el9_6.1
  - url: https://cdn-ubi.redhat.com/content/public/ubi/dist/ubi9/9/ppc64le/baseos/source/SRPMS/Packages/r/rsync-3.2.5-3.el9.src.rpm
    repoid: ubi-9-for-ppc64le-baseos-source-rpms
    size: 1306931
    checksum: sha256:a1fd44e58d1fb5b52b72586c5ef2e12c040428f771cde1d1350b36d3b9155db0
    name: rsync
    evr: 3.2.5-3.el9
  - url: https://cdn-ubi.redhat.com/content/public/ubi/dist/ubi9/9/ppc64le/baseos/source/SRPMS/Packages/t/tar-1.34-7.el9.src.rpm
    repoid: ubi-9-for-ppc64le-baseos-source-rpms
    size: 2261512
    checksum: sha256:d002c400d29e7305fe8a982ab6b9f49ee7a8780e4574b86fc0c5b3d5510ecb22
    name: tar
    evr: 2:1.34-7.el9
  - url: https://cdn-ubi.redhat.com/content/public/ubi/dist/ubi9/9/ppc64le/baseos/source/SRPMS/Packages/t/tzdata-2025b-1.el9.src.rpm
    repoid: ubi-9-for-ppc64le-baseos-source-rpms
    size: 904607
    checksum: sha256:a2668d1f6b053545a5824a428755484895d72475a9d3833cbfbec9e08660aba2
    name: tzdata
    evr: 2025b-1.el9
  module_metadata: []
- arch: s390x
  packages:
  - url: https://cdn-ubi.redhat.com/content/public/ubi/dist/ubi9/9/s390x/appstream/os/Packages/s/socat-1.7.4.1-6.el9_6.1.s390x.rpm
    repoid: ubi-9-for-s390x-appstream-rpms
    size: 304533
    checksum: sha256:a253a1f53e95847ee879cda007ad471eeb4d4a6f01b526f5b819bcbf339cd12a
    name: socat
    evr: 1.7.4.1-6.el9_6.1
    sourcerpm: socat-1.7.4.1-6.el9_6.1.src.rpm
  - url: https://cdn-ubi.redhat.com/content/public/ubi/dist/ubi9/9/s390x/baseos/os/Packages/r/rsync-3.2.5-3.el9.s390x.rpm
    repoid: ubi-9-for-s390x-baseos-rpms
    size: 418877
    checksum: sha256:2d1a87e86fb23bc665b7c7ce8775c73d500ef6e152f15c78493b95638dfb7925
    name: rsync
    evr: 3.2.5-3.el9
    sourcerpm: rsync-3.2.5-3.el9.src.rpm
  - url: https://cdn-ubi.redhat.com/content/public/ubi/dist/ubi9/9/s390x/baseos/os/Packages/t/tar-1.34-7.el9.s390x.rpm
    repoid: ubi-9-for-s390x-baseos-rpms
    size: 902370
    checksum: sha256:fa8758bac6a56830de66ad1ab623c87768065bcc6f8242faa42ac4198260d456
    name: tar
    evr: 2:1.34-7.el9
    sourcerpm: tar-1.34-7.el9.src.rpm
  - url: https://cdn-ubi.redhat.com/content/public/ubi/dist/ubi9/9/s390x/baseos/os/Packages/t/tzdata-2025b-1.el9.noarch.rpm
    repoid: ubi-9-for-s390x-baseos-rpms
    size: 862160
    checksum: sha256:0687e5a1115ba679137404c8d37a45141a31968ffd01677455530d24c126a0d2
    name: tzdata
    evr: 2025b-1.el9
    sourcerpm: tzdata-2025b-1.el9.src.rpm
  source:
  - url: https://cdn-ubi.redhat.com/content/public/ubi/dist/ubi9/9/s390x/appstream/source/SRPMS/Packages/s/socat-1.7.4.1-6.el9_6.1.src.rpm
    repoid: ubi-9-for-s390x-appstream-source-rpms
    size: 664341
    checksum: sha256:cc4dafb6691824cae1db6f8c99baba2e9af74fdab06334f14558272cb3e92832
    name: socat
    evr: 1.7.4.1-6.el9_6.1
  - url: https://cdn-ubi.redhat.com/content/public/ubi/dist/ubi9/9/s390x/baseos/source/SRPMS/Packages/r/rsync-3.2.5-3.el9.src.rpm
    repoid: ubi-9-for-s390x-baseos-source-rpms
    size: 1306931
    checksum: sha256:a1fd44e58d1fb5b52b72586c5ef2e12c040428f771cde1d1350b36d3b9155db0
    name: rsync
    evr: 3.2.5-3.el9
  - url: https://cdn-ubi.redhat.com/content/public/ubi/dist/ubi9/9/s390x/baseos/source/SRPMS/Packages/t/tar-1.34-7.el9.src.rpm
    repoid: ubi-9-for-s390x-baseos-source-rpms
    size: 2261512
    checksum: sha256:d002c400d29e7305fe8a982ab6b9f49ee7a8780e4574b86fc0c5b3d5510ecb22
    name: tar
    evr: 2:1.34-7.el9
  - url: https://cdn-ubi.redhat.com/content/public/ubi/dist/ubi9/9/s390x/baseos/source/SRPMS/Packages/t/tzdata-2025b-1.el9.src.rpm
    repoid: ubi-9-for-s390x-baseos-source-rpms
    size: 904607
    checksum: sha256:a2668d1f6b053545a5824a428755484895d72475a9d3833cbfbec9e08660aba2
    name: tzdata
    evr: 2025b-1.el9
  module_metadata: []
- arch: x86_64
  packages:
  - url: https://cdn-ubi.redhat.com/content/public/ubi/dist/ubi9/9/x86_64/appstream/os/Packages/s/socat-1.7.4.1-6.el9_6.1.x86_64.rpm
    repoid: ubi-9-for-x86_64-appstream-rpms
    size: 310772
    checksum: sha256:9ac9ded656ee3afbdbf3ac00f5f678101b3461df626998a7bd92f10546345396
    name: socat
    evr: 1.7.4.1-6.el9_6.1
    sourcerpm: socat-1.7.4.1-6.el9_6.1.src.rpm
  - url: https://cdn-ubi.redhat.com/content/public/ubi/dist/ubi9/9/x86_64/baseos/os/Packages/r/rsync-3.2.5-3.el9.x86_64.rpm
    repoid: ubi-9-for-x86_64-baseos-rpms
    size: 421930
    checksum: sha256:b1d90c38b613f2d66dfe0c7c3d067a3ce429f7b2ec5224e560f326fc2fd8d1e5
    name: rsync
    evr: 3.2.5-3.el9
    sourcerpm: rsync-3.2.5-3.el9.src.rpm
  - url: https://cdn-ubi.redhat.com/content/public/ubi/dist/ubi9/9/x86_64/baseos/os/Packages/t/tar-1.34-7.el9.x86_64.rpm
    repoid: ubi-9-for-x86_64-baseos-rpms
    size: 910235
    checksum: sha256:17f2e592a2c04c050b690afeb9042e02521a0b5ee3288dad837463f4acf542c3
    name: tar
    evr: 2:1.34-7.el9
    sourcerpm: tar-1.34-7.el9.src.rpm
  - url: https://cdn-ubi.redhat.com/content/public/ubi/dist/ubi9/9/x86_64/baseos/os/Packages/t/tzdata-2025b-1.el9.noarch.rpm
    repoid: ubi-9-for-x86_64-baseos-rpms
    size: 862160
    checksum: sha256:0687e5a1115ba679137404c8d37a45141a31968ffd01677455530d24c126a0d2
    name: tzdata
    evr: 2025b-1.el9
    sourcerpm: tzdata-2025b-1.el9.src.rpm
  source:
  - url: https://cdn-ubi.redhat.com/content/public/ubi/dist/ubi9/9/x86_64/appstream/source/SRPMS/Packages/s/socat-1.7.4.1-6.el9_6.1.src.rpm
    repoid: ubi-9-for-x86_64-appstream-source-rpms
    size: 664341
    checksum: sha256:cc4dafb6691824cae1db6f8c99baba2e9af74fdab06334f14558272cb3e92832
    name: socat
    evr: 1.7.4.1-6.el9_6.1
  - url: https://cdn-ubi.redhat.com/content/public/ubi/dist/ubi9/9/x86_64/baseos/source/SRPMS/Packages/r/rsync-3.2.5-3.el9.src.rpm
    repoid: ubi-9-for-x86_64-baseos-source-rpms
    size: 1306931
    checksum: sha256:a1fd44e58d1fb5b52b72586c5ef2e12c040428f771cde1d1350b36d3b9155db0
    name: rsync
    evr: 3.2.5-3.el9
  - url: https://cdn-ubi.redhat.com/content/public/ubi/dist/ubi9/9/x86_64/baseos/source/SRPMS/Packages/t/tar-1.34-7.el9.src.rpm
    repoid: ubi-9-for-x86_64-baseos-source-rpms
    size: 2261512
    checksum: sha256:d002c400d29e7305fe8a982ab6b9f49ee7a8780e4574b86fc0c5b3d5510ecb22
    name: tar
    evr: 2:1.34-7.el9
  - url: https://cdn-ubi.redhat.com/content/public/ubi/dist/ubi9/9/x86_64/baseos/source/SRPMS/Packages/t/tzdata-2025b-1.el9.src.rpm
    repoid: ubi-9-for-x86_64-baseos-source-rpms
    size: 904607
    checksum: sha256:a2668d1f6b053545a5824a428755484895d72475a9d3833cbfbec9e08660aba2
    name: tzdata
    evr: 2025b-1.el9
  module_metadata: []
