---
lockfileVersion: 1
lockfileVendor: redhat
arches:
- arch: aarch64
  packages:
  - url: https://cdn-ubi.redhat.com/content/public/ubi/dist/ubi9/9/aarch64/appstream/os/Packages/s/socat-1.7.4.1-8.el9.aarch64.rpm
    repoid: ubi-9-for-aarch64-appstream-rpms
    size: 307483
    checksum: sha256:4c98bfb9ce0f972e133e7f1ec547e0f87dd901f5213b7e59eafd9befed843884
    name: socat
    evr: 1.7.4.1-8.el9
    sourcerpm: socat-1.7.4.1-8.el9.src.rpm
  - url: https://cdn-ubi.redhat.com/content/public/ubi/dist/ubi9/9/aarch64/baseos/os/Packages/r/rsync-3.2.5-7.el9_8.aarch64.rpm
    repoid: ubi-9-for-aarch64-baseos-rpms
    size: 420142
    checksum: sha256:39ba71d3677854505524df265ed828c7e00f026ecfe83df6ba86c7586588cae7
    name: rsync
    evr: 3.2.5-7.el9_8
    sourcerpm: rsync-3.2.5-7.el9_8.src.rpm
  - url: https://cdn-ubi.redhat.com/content/public/ubi/dist/ubi9/9/aarch64/baseos/os/Packages/t/tar-1.34-11.el9.aarch64.rpm
    repoid: ubi-9-for-aarch64-baseos-rpms
    size: 904777
    checksum: sha256:62f985a87e048caa3ef883966d6176448398abc42df00ebff07e7311ff5f425d
    name: tar
    evr: 2:1.34-11.el9
    sourcerpm: tar-1.34-11.el9.src.rpm
  - url: https://cdn-ubi.redhat.com/content/public/ubi/dist/ubi9/9/aarch64/baseos/os/Packages/t/tzdata-2026a-1.el9.noarch.rpm
    repoid: ubi-9-for-aarch64-baseos-rpms
    size: 933237
    checksum: sha256:90bc7252dcef87507a6dc097763894d264544b42c77ce67696192db2bcc8cd07
    name: tzdata
    evr: 2026a-1.el9
    sourcerpm: tzdata-2026a-1.el9.src.rpm
  - url: https://cdn-ubi.redhat.com/content/public/ubi/dist/ubi9/9/aarch64/baseos/os/Packages/u/unzip-6.0-60.el9.aarch64.rpm
    repoid: ubi-9-for-aarch64-baseos-rpms
    size: 182733
    checksum: sha256:424c0f9800ccc12123b854a19f786451f0f8c70de51fc9144bd014df70453c17
    name: unzip
    evr: 6.0-60.el9
    sourcerpm: unzip-6.0-60.el9.src.rpm
  - url: https://cdn-ubi.redhat.com/content/public/ubi/dist/ubi9/9/aarch64/baseos/os/Packages/z/zip-3.0-35.el9.aarch64.rpm
    repoid: ubi-9-for-aarch64-baseos-rpms
    size: 269791
    checksum: sha256:4dfc9b2afc08b96cba0a8c7f06be5691ec26f2104d9c1a100aa0432e30aac3cd
    name: zip
    evr: 3.0-35.el9
    sourcerpm: zip-3.0-35.el9.src.rpm
  source:
  - url: https://cdn-ubi.redhat.com/content/public/ubi/dist/ubi9/9/aarch64/appstream/source/SRPMS/Packages/s/socat-1.7.4.1-8.el9.src.rpm
    repoid: ubi-9-for-aarch64-appstream-source-rpms
    size: 664676
    checksum: sha256:4d83732bbf754e00d15133e15673230f41fbdae4a1cc27fba1cfb84744d0bf83
    name: socat
    evr: 1.7.4.1-8.el9
  - url: https://cdn-ubi.redhat.com/content/public/ubi/dist/ubi9/9/aarch64/baseos/source/SRPMS/Packages/r/rsync-3.2.5-7.el9_8.src.rpm
    repoid: ubi-9-for-aarch64-baseos-source-rpms
    size: 1317820
    checksum: sha256:881675c5bba9391d19536569a133069ffe0dd132468a04b3ea52fb697ebf926f
    name: rsync
    evr: 3.2.5-7.el9_8
  - url: https://cdn-ubi.redhat.com/content/public/ubi/dist/ubi9/9/aarch64/baseos/source/SRPMS/Packages/t/tar-1.34-11.el9.src.rpm
    repoid: ubi-9-for-aarch64-baseos-source-rpms
    size: 2294162
    checksum: sha256:13204f7499944b3fe773cbdf0b9bb2de31eaa9a4c69f31830fb9e54506bcb9b6
    name: tar
    evr: 2:1.34-11.el9
  - url: https://cdn-ubi.redhat.com/content/public/ubi/dist/ubi9/9/aarch64/baseos/source/SRPMS/Packages/t/tzdata-2026a-1.el9.src.rpm
    repoid: ubi-9-for-aarch64-baseos-source-rpms
    size: 926120
    checksum: sha256:ea2ccdcff55d1c69f2a9a1b6eabade4fca1af23703c2baefaa1e3f6b8f74bc1b
    name: tzdata
    evr: 2026a-1.el9
  - url: https://cdn-ubi.redhat.com/content/public/ubi/dist/ubi9/9/aarch64/baseos/source/SRPMS/Packages/u/unzip-6.0-60.el9.src.rpm
    repoid: ubi-9-for-aarch64-baseos-source-rpms
    size: 1436236
    checksum: sha256:2f745809f67389b9cb4bc051a16a8e1b3049253632a0c34943695b2330717c48
    name: unzip
    evr: 6.0-60.el9
  - url: https://cdn-ubi.redhat.com/content/public/ubi/dist/ubi9/9/aarch64/baseos/source/SRPMS/Packages/z/zip-3.0-35.el9.src.rpm
    repoid: ubi-9-for-aarch64-baseos-source-rpms
    size: 1137410
    checksum: sha256:416b6957a4365204cfb2ba9e5b9b9f21075b615114c6afe46c83166de258bb5d
    name: zip
    evr: 3.0-35.el9
  module_metadata: []
- arch: ppc64le
  packages:
  - url: https://cdn-ubi.redhat.com/content/public/ubi/dist/ubi9/9/ppc64le/appstream/os/Packages/s/socat-1.7.4.1-8.el9.ppc64le.rpm
    repoid: ubi-9-for-ppc64le-appstream-rpms
    size: 319998
    checksum: sha256:224f47b0e5a9757cc7df97d56910d3bbe9580bbedf7e1d20dd965cabdc5c7b58
    name: socat
    evr: 1.7.4.1-8.el9
    sourcerpm: socat-1.7.4.1-8.el9.src.rpm
  - url: https://cdn-ubi.redhat.com/content/public/ubi/dist/ubi9/9/ppc64le/baseos/os/Packages/r/rsync-3.2.5-7.el9_8.ppc64le.rpm
    repoid: ubi-9-for-ppc64le-baseos-rpms
    size: 453342
    checksum: sha256:0570a89b350ada78d86d87afa90b101a7dc9791e5868b6f33fba00727440cd74
    name: rsync
    evr: 3.2.5-7.el9_8
    sourcerpm: rsync-3.2.5-7.el9_8.src.rpm
  - url: https://cdn-ubi.redhat.com/content/public/ubi/dist/ubi9/9/ppc64le/baseos/os/Packages/t/tar-1.34-11.el9.ppc64le.rpm
    repoid: ubi-9-for-ppc64le-baseos-rpms
    size: 945887
    checksum: sha256:cb2fe4ca6c89e1a9fff648629cc7b9b7f33a7853a8ae74c10baa1d5b731d2447
    name: tar
    evr: 2:1.34-11.el9
    sourcerpm: tar-1.34-11.el9.src.rpm
  - url: https://cdn-ubi.redhat.com/content/public/ubi/dist/ubi9/9/ppc64le/baseos/os/Packages/t/tzdata-2026a-1.el9.noarch.rpm
    repoid: ubi-9-for-ppc64le-baseos-rpms
    size: 933237
    checksum: sha256:90bc7252dcef87507a6dc097763894d264544b42c77ce67696192db2bcc8cd07
    name: tzdata
    evr: 2026a-1.el9
    sourcerpm: tzdata-2026a-1.el9.src.rpm
  - url: https://cdn-ubi.redhat.com/content/public/ubi/dist/ubi9/9/ppc64le/baseos/os/Packages/u/unzip-6.0-60.el9.ppc64le.rpm
    repoid: ubi-9-for-ppc64le-baseos-rpms
    size: 190290
    checksum: sha256:056925a1c751fd0c4545ca546e4ce1e015234464f63114c22ecddf73fed9c482
    name: unzip
    evr: 6.0-60.el9
    sourcerpm: unzip-6.0-60.el9.src.rpm
  - url: https://cdn-ubi.redhat.com/content/public/ubi/dist/ubi9/9/ppc64le/baseos/os/Packages/z/zip-3.0-35.el9.ppc64le.rpm
    repoid: ubi-9-for-ppc64le-baseos-rpms
    size: 282944
    checksum: sha256:9af29cefba99330a06abd6ace7eb1f3ea77d1b2d50a2cd6d4e3fade1e603f26f
    name: zip
    evr: 3.0-35.el9
    sourcerpm: zip-3.0-35.el9.src.rpm
  source:
  - url: https://cdn-ubi.redhat.com/content/public/ubi/dist/ubi9/9/ppc64le/appstream/source/SRPMS/Packages/s/socat-1.7.4.1-8.el9.src.rpm
    repoid: ubi-9-for-ppc64le-appstream-source-rpms
    size: 664676
    checksum: sha256:4d83732bbf754e00d15133e15673230f41fbdae4a1cc27fba1cfb84744d0bf83
    name: socat
    evr: 1.7.4.1-8.el9
  - url: https://cdn-ubi.redhat.com/content/public/ubi/dist/ubi9/9/ppc64le/baseos/source/SRPMS/Packages/r/rsync-3.2.5-7.el9_8.src.rpm
    repoid: ubi-9-for-ppc64le-baseos-source-rpms
    size: 1317820
    checksum: sha256:881675c5bba9391d19536569a133069ffe0dd132468a04b3ea52fb697ebf926f
    name: rsync
    evr: 3.2.5-7.el9_8
  - url: https://cdn-ubi.redhat.com/content/public/ubi/dist/ubi9/9/ppc64le/baseos/source/SRPMS/Packages/t/tar-1.34-11.el9.src.rpm
    repoid: ubi-9-for-ppc64le-baseos-source-rpms
    size: 2294162
    checksum: sha256:13204f7499944b3fe773cbdf0b9bb2de31eaa9a4c69f31830fb9e54506bcb9b6
    name: tar
    evr: 2:1.34-11.el9
  - url: https://cdn-ubi.redhat.com/content/public/ubi/dist/ubi9/9/ppc64le/baseos/source/SRPMS/Packages/t/tzdata-2026a-1.el9.src.rpm
    repoid: ubi-9-for-ppc64le-baseos-source-rpms
    size: 926120
    checksum: sha256:ea2ccdcff55d1c69f2a9a1b6eabade4fca1af23703c2baefaa1e3f6b8f74bc1b
    name: tzdata
    evr: 2026a-1.el9
  - url: https://cdn-ubi.redhat.com/content/public/ubi/dist/ubi9/9/ppc64le/baseos/source/SRPMS/Packages/u/unzip-6.0-60.el9.src.rpm
    repoid: ubi-9-for-ppc64le-baseos-source-rpms
    size: 1436236
    checksum: sha256:2f745809f67389b9cb4bc051a16a8e1b3049253632a0c34943695b2330717c48
    name: unzip
    evr: 6.0-60.el9
  - url: https://cdn-ubi.redhat.com/content/public/ubi/dist/ubi9/9/ppc64le/baseos/source/SRPMS/Packages/z/zip-3.0-35.el9.src.rpm
    repoid: ubi-9-for-ppc64le-baseos-source-rpms
    size: 1137410
    checksum: sha256:416b6957a4365204cfb2ba9e5b9b9f21075b615114c6afe46c83166de258bb5d
    name: zip
    evr: 3.0-35.el9
  module_metadata: []
- arch: s390x
  packages:
  - url: https://cdn-ubi.redhat.com/content/public/ubi/dist/ubi9/9/s390x/appstream/os/Packages/s/socat-1.7.4.1-8.el9.s390x.rpm
    repoid: ubi-9-for-s390x-appstream-rpms
    size: 304464
    checksum: sha256:78b7afbffcd7072e7389cfa8a42131da19beaaac1c19af264c7d8a0150ae5077
    name: socat
    evr: 1.7.4.1-8.el9
    sourcerpm: socat-1.7.4.1-8.el9.src.rpm
  - url: https://cdn-ubi.redhat.com/content/public/ubi/dist/ubi9/9/s390x/baseos/os/Packages/r/rsync-3.2.5-7.el9_8.s390x.rpm
    repoid: ubi-9-for-s390x-baseos-rpms
    size: 422461
    checksum: sha256:e937047c63e4f5501bc08aeada17ec184254cdc2d5cd6a1a9e39b6477bf2bb72
    name: rsync
    evr: 3.2.5-7.el9_8
    sourcerpm: rsync-3.2.5-7.el9_8.src.rpm
  - url: https://cdn-ubi.redhat.com/content/public/ubi/dist/ubi9/9/s390x/baseos/os/Packages/t/tar-1.34-11.el9.s390x.rpm
    repoid: ubi-9-for-s390x-baseos-rpms
    size: 907745
    checksum: sha256:2eee88e1c470b033bd44432f4ed5b1a41ffc7132ebe51f8ce12fa9268314e841
    name: tar
    evr: 2:1.34-11.el9
    sourcerpm: tar-1.34-11.el9.src.rpm
  - url: https://cdn-ubi.redhat.com/content/public/ubi/dist/ubi9/9/s390x/baseos/os/Packages/t/tzdata-2026a-1.el9.noarch.rpm
    repoid: ubi-9-for-s390x-baseos-rpms
    size: 933237
    checksum: sha256:90bc7252dcef87507a6dc097763894d264544b42c77ce67696192db2bcc8cd07
    name: tzdata
    evr: 2026a-1.el9
    sourcerpm: tzdata-2026a-1.el9.src.rpm
  - url: https://cdn-ubi.redhat.com/content/public/ubi/dist/ubi9/9/s390x/baseos/os/Packages/u/unzip-6.0-60.el9.s390x.rpm
    repoid: ubi-9-for-s390x-baseos-rpms
    size: 180799
    checksum: sha256:f84d609e0f20a4debcbdd057707bda58bf942ba6599bfbfa5d1beae14766bbe8
    name: unzip
    evr: 6.0-60.el9
    sourcerpm: unzip-6.0-60.el9.src.rpm
  - url: https://cdn-ubi.redhat.com/content/public/ubi/dist/ubi9/9/s390x/baseos/os/Packages/z/zip-3.0-35.el9.s390x.rpm
    repoid: ubi-9-for-s390x-baseos-rpms
    size: 276776
    checksum: sha256:ac9f81e15ac141940073706ed38e3efd1d2278642d80dbd2945b28f0e6ffae62
    name: zip
    evr: 3.0-35.el9
    sourcerpm: zip-3.0-35.el9.src.rpm
  source:
  - url: https://cdn-ubi.redhat.com/content/public/ubi/dist/ubi9/9/s390x/appstream/source/SRPMS/Packages/s/socat-1.7.4.1-8.el9.src.rpm
    repoid: ubi-9-for-s390x-appstream-source-rpms
    size: 664676
    checksum: sha256:4d83732bbf754e00d15133e15673230f41fbdae4a1cc27fba1cfb84744d0bf83
    name: socat
    evr: 1.7.4.1-8.el9
  - url: https://cdn-ubi.redhat.com/content/public/ubi/dist/ubi9/9/s390x/baseos/source/SRPMS/Packages/r/rsync-3.2.5-7.el9_8.src.rpm
    repoid: ubi-9-for-s390x-baseos-source-rpms
    size: 1317820
    checksum: sha256:881675c5bba9391d19536569a133069ffe0dd132468a04b3ea52fb697ebf926f
    name: rsync
    evr: 3.2.5-7.el9_8
  - url: https://cdn-ubi.redhat.com/content/public/ubi/dist/ubi9/9/s390x/baseos/source/SRPMS/Packages/t/tar-1.34-11.el9.src.rpm
    repoid: ubi-9-for-s390x-baseos-source-rpms
    size: 2294162
    checksum: sha256:13204f7499944b3fe773cbdf0b9bb2de31eaa9a4c69f31830fb9e54506bcb9b6
    name: tar
    evr: 2:1.34-11.el9
  - url: https://cdn-ubi.redhat.com/content/public/ubi/dist/ubi9/9/s390x/baseos/source/SRPMS/Packages/t/tzdata-2026a-1.el9.src.rpm
    repoid: ubi-9-for-s390x-baseos-source-rpms
    size: 926120
    checksum: sha256:ea2ccdcff55d1c69f2a9a1b6eabade4fca1af23703c2baefaa1e3f6b8f74bc1b
    name: tzdata
    evr: 2026a-1.el9
  - url: https://cdn-ubi.redhat.com/content/public/ubi/dist/ubi9/9/s390x/baseos/source/SRPMS/Packages/u/unzip-6.0-60.el9.src.rpm
    repoid: ubi-9-for-s390x-baseos-source-rpms
    size: 1436236
    checksum: sha256:2f745809f67389b9cb4bc051a16a8e1b3049253632a0c34943695b2330717c48
    name: unzip
    evr: 6.0-60.el9
  - url: https://cdn-ubi.redhat.com/content/public/ubi/dist/ubi9/9/s390x/baseos/source/SRPMS/Packages/z/zip-3.0-35.el9.src.rpm
    repoid: ubi-9-for-s390x-baseos-source-rpms
    size: 1137410
    checksum: sha256:416b6957a4365204cfb2ba9e5b9b9f21075b615114c6afe46c83166de258bb5d
    name: zip
    evr: 3.0-35.el9
  module_metadata: []
- arch: x86_64
  packages:
  - url: https://cdn-ubi.redhat.com/content/public/ubi/dist/ubi9/9/x86_64/appstream/os/Packages/s/socat-1.7.4.1-8.el9.x86_64.rpm
    repoid: ubi-9-for-x86_64-appstream-rpms
    size: 310557
    checksum: sha256:eca1948f706239e3716f721ec077f94afb733c42976fba6e475924a4e3b603aa
    name: socat
    evr: 1.7.4.1-8.el9
    sourcerpm: socat-1.7.4.1-8.el9.src.rpm
  - url: https://cdn-ubi.redhat.com/content/public/ubi/dist/ubi9/9/x86_64/baseos/os/Packages/r/rsync-3.2.5-7.el9_8.x86_64.rpm
    repoid: ubi-9-for-x86_64-baseos-rpms
    size: 424707
    checksum: sha256:6c1d064c38e4a3f4bcb756cb9ea0382cccf7a262433c286db45931d114074ff3
    name: rsync
    evr: 3.2.5-7.el9_8
    sourcerpm: rsync-3.2.5-7.el9_8.src.rpm
  - url: https://cdn-ubi.redhat.com/content/public/ubi/dist/ubi9/9/x86_64/baseos/os/Packages/t/tar-1.34-11.el9.x86_64.rpm
    repoid: ubi-9-for-x86_64-baseos-rpms
    size: 913256
    checksum: sha256:58b622ab7bc225731a2473e677f16c9eb51b1ed218a86a7aa039a6fed665f245
    name: tar
    evr: 2:1.34-11.el9
    sourcerpm: tar-1.34-11.el9.src.rpm
  - url: https://cdn-ubi.redhat.com/content/public/ubi/dist/ubi9/9/x86_64/baseos/os/Packages/t/tzdata-2026a-1.el9.noarch.rpm
    repoid: ubi-9-for-x86_64-baseos-rpms
    size: 933237
    checksum: sha256:90bc7252dcef87507a6dc097763894d264544b42c77ce67696192db2bcc8cd07
    name: tzdata
    evr: 2026a-1.el9
    sourcerpm: tzdata-2026a-1.el9.src.rpm
  - url: https://cdn-ubi.redhat.com/content/public/ubi/dist/ubi9/9/x86_64/baseos/os/Packages/u/unzip-6.0-60.el9.x86_64.rpm
    repoid: ubi-9-for-x86_64-baseos-rpms
    size: 185941
    checksum: sha256:6a83acc410c8640daf3f97cd978cc9400ca9caf600006fd1510622bfa9faaf23
    name: unzip
    evr: 6.0-60.el9
    sourcerpm: unzip-6.0-60.el9.src.rpm
  - url: https://cdn-ubi.redhat.com/content/public/ubi/dist/ubi9/9/x86_64/baseos/os/Packages/z/zip-3.0-35.el9.x86_64.rpm
    repoid: ubi-9-for-x86_64-baseos-rpms
    size: 276200
    checksum: sha256:ef28011ba191f53260cebb1e42b0148ae65d9029940146699e802f501dba009c
    name: zip
    evr: 3.0-35.el9
    sourcerpm: zip-3.0-35.el9.src.rpm
  source:
  - url: https://cdn-ubi.redhat.com/content/public/ubi/dist/ubi9/9/x86_64/appstream/source/SRPMS/Packages/s/socat-1.7.4.1-8.el9.src.rpm
    repoid: ubi-9-for-x86_64-appstream-source-rpms
    size: 664676
    checksum: sha256:4d83732bbf754e00d15133e15673230f41fbdae4a1cc27fba1cfb84744d0bf83
    name: socat
    evr: 1.7.4.1-8.el9
  - url: https://cdn-ubi.redhat.com/content/public/ubi/dist/ubi9/9/x86_64/baseos/source/SRPMS/Packages/r/rsync-3.2.5-7.el9_8.src.rpm
    repoid: ubi-9-for-x86_64-baseos-source-rpms
    size: 1317820
    checksum: sha256:881675c5bba9391d19536569a133069ffe0dd132468a04b3ea52fb697ebf926f
    name: rsync
    evr: 3.2.5-7.el9_8
  - url: https://cdn-ubi.redhat.com/content/public/ubi/dist/ubi9/9/x86_64/baseos/source/SRPMS/Packages/t/tar-1.34-11.el9.src.rpm
    repoid: ubi-9-for-x86_64-baseos-source-rpms
    size: 2294162
    checksum: sha256:13204f7499944b3fe773cbdf0b9bb2de31eaa9a4c69f31830fb9e54506bcb9b6
    name: tar
    evr: 2:1.34-11.el9
  - url: https://cdn-ubi.redhat.com/content/public/ubi/dist/ubi9/9/x86_64/baseos/source/SRPMS/Packages/t/tzdata-2026a-1.el9.src.rpm
    repoid: ubi-9-for-x86_64-baseos-source-rpms
    size: 926120
    checksum: sha256:ea2ccdcff55d1c69f2a9a1b6eabade4fca1af23703c2baefaa1e3f6b8f74bc1b
    name: tzdata
    evr: 2026a-1.el9
  - url: https://cdn-ubi.redhat.com/content/public/ubi/dist/ubi9/9/x86_64/baseos/source/SRPMS/Packages/u/unzip-6.0-60.el9.src.rpm
    repoid: ubi-9-for-x86_64-baseos-source-rpms
    size: 1436236
    checksum: sha256:2f745809f67389b9cb4bc051a16a8e1b3049253632a0c34943695b2330717c48
    name: unzip
    evr: 6.0-60.el9
  - url: https://cdn-ubi.redhat.com/content/public/ubi/dist/ubi9/9/x86_64/baseos/source/SRPMS/Packages/z/zip-3.0-35.el9.src.rpm
    repoid: ubi-9-for-x86_64-baseos-source-rpms
    size: 1137410
    checksum: sha256:416b6957a4365204cfb2ba9e5b9b9f21075b615114c6afe46c83166de258bb5d
    name: zip
    evr: 3.0-35.el9
  module_metadata: []
